
Microsoft Visual Studio Solution File, Format Version 12.00
# Visual Studio Version 17
VisualStudioVersion = 17.1.32319.34
MinimumVisualStudioVersion = 10.0.40219.1
Project("{9A19103F-16F7-4668-BE54-9A1E7A4F7556}") = "SR.Chat.Domain", "SR.Chat.Domain\SR.Chat.Domain.csproj", "{F4067988-7E57-4D0C-8AD6-7F9802708D4D}"
EndProject
Project("{9A19103F-16F7-4668-BE54-9A1E7A4F7556}") = "SR.Chat.Presentation", "SR.Chat.Presentation\SR.Chat.Presentation.csproj", "{2B2004BD-D573-47F9-95F7-4691849F8A81}"
EndProject
Project("{9A19103F-16F7-4668-BE54-9A1E7A4F7556}") = "SR.Chat.Service", "SR.Chat.Service\SR.Chat.Service.csproj", "{E2A3D93C-0ED4-48B7-9E80-C4B3659D731C}"
EndProject
Project("{9A19103F-16F7-4668-BE54-9A1E7A4F7556}") = "SR.Chat.UnitTest", "SR.Chat.UnitTest\SR.Chat.UnitTest.csproj", "{0632C49E-20C7-4D4C-A37C-5714B2239E44}"
EndProject
Project("{9A19103F-16F7-4668-BE54-9A1E7A4F7556}") = "SR.Chat.DataAccess", "SR.Chat.DataAccess\SR.Chat.DataAccess.csproj", "{36193649-981C-40B5-8740-0FAA4B8FA446}"
EndProject
Global
	GlobalSection(SolutionConfigurationPlatforms) = preSolution
		Debug|Any CPU = Debug|Any CPU
		Release|Any CPU = Release|Any CPU
	EndGlobalSection
	GlobalSection(ProjectConfigurationPlatforms) = postSolution
		{F4067988-7E57-4D0C-8AD6-7F9802708D4D}.Debug|Any CPU.ActiveCfg = Debug|Any CPU
		{F4067988-7E57-4D0C-8AD6-7F9802708D4D}.Debug|Any CPU.Build.0 = Debug|Any CPU
		{F4067988-7E57-4D0C-8AD6-7F9802708D4D}.Release|Any CPU.ActiveCfg = Release|Any CPU
		{F4067988-7E57-4D0C-8AD6-7F9802708D4D}.Release|Any CPU.Build.0 = Release|Any CPU
		{2B2004BD-D573-47F9-95F7-4691849F8A81}.Debug|Any CPU.ActiveCfg = Debug|Any CPU
		{2B2004BD-D573-47F9-95F7-4691849F8A81}.Debug|Any CPU.Build.0 = Debug|Any CPU
		{2B2004BD-D573-47F9-95F7-4691849F8A81}.Release|Any CPU.ActiveCfg = Release|Any CPU
		{2B2004BD-D573-47F9-95F7-4691849F8A81}.Release|Any CPU.Build.0 = Release|Any CPU
		{E2A3D93C-0ED4-48B7-9E80-C4B3659D731C}.Debug|Any CPU.ActiveCfg = Debug|Any CPU
		{E2A3D93C-0ED4-48B7-9E80-C4B3659D731C}.Debug|Any CPU.Build.0 = Debug|Any CPU
		{E2A3D93C-0ED4-48B7-9E80-C4B3659D731C}.Release|Any CPU.ActiveCfg = Release|Any CPU
		{E2A3D93C-0ED4-48B7-9E80-C4B3659D731C}.Release|Any CPU.Build.0 = Release|Any CPU
		{0632C49E-20C7-4D4C-A37C-5714B2239E44}.Debug|Any CPU.ActiveCfg = Debug|Any CPU
		{0632C49E-20C7-4D4C-A37C-5714B2239E44}.Debug|Any CPU.Build.0 = Debug|Any CPU
		{0632C49E-20C7-4D4C-A37C-5714B2239E44}.Release|Any CPU.ActiveCfg = Release|Any CPU
		{0632C49E-20C7-4D4C-A37C-5714B2239E44}.Release|Any CPU.Build.0 = Release|Any CPU
		{36193649-981C-40B5-8740-0FAA4B8FA446}.Debug|Any CPU.ActiveCfg = Debug|Any CPU
		{36193649-981C-40B5-8740-0FAA4B8FA446}.Debug|Any CPU.Build.0 = Debug|Any CPU
		{36193649-981C-40B5-8740-0FAA4B8FA446}.Release|Any CPU.ActiveCfg = Release|Any CPU
		{36193649-981C-40B5-8740-0FAA4B8FA446}.Release|Any CPU.Build.0 = Release|Any CPU
	EndGlobalSection
	GlobalSection(SolutionProperties) = preSolution
		HideSolutionNode = FALSE
	EndGlobalSection
	GlobalSection(ExtensibilityGlobals) = postSolution
		SolutionGuid = {D8BA56EE-AB25-4B8B-AF39-A11C41DE9CC1}
	EndGlobalSection
EndGlobal
